
Microsoft Visual Studio Solution File, Format Version 12.00
# Visual Studio 15
VisualStudioVersion = 15.0.28307.779
MinimumVisualStudioVersion = 10.0.40219.1
Project("{FAE04EC0-301F-11D3-BF4B-00C04F79EFBC}") = "Iteration_Two_FIT5120", "Iteration_Two_FIT5120\Iteration_Two_FIT5120.csproj", "{5F696F82-852F-48AF-908E-7A64A9CC2324}"
EndProject
Project("{FAE04EC0-301F-11D3-BF4B-00C04F79EFBC}") = "Iteration_Two_FIT5120.Tests", "Iteration_Two_FIT5120.Tests\Iteration_Two_FIT5120.Tests.csproj", "{1BB51722-0272-462A-9BE6-C55FC358D13E}"
EndProject
Global
	GlobalSection(SolutionConfigurationPlatforms) = preSolution
		Debug|Any CPU = Debug|Any CPU
		Release|Any CPU = Release|Any CPU
	EndGlobalSection
	GlobalSection(ProjectConfigurationPlatforms) = postSolution
		{5F696F82-852F-48AF-908E-7A64A9CC2324}.Debug|Any CPU.ActiveCfg = Debug|Any CPU
		{5F696F82-852F-48AF-908E-7A64A9CC2324}.Debug|Any CPU.Build.0 = Debug|Any CPU
		{5F696F82-852F-48AF-908E-7A64A9CC2324}.Release|Any CPU.ActiveCfg = Release|Any CPU
		{5F696F82-852F-48AF-908E-7A64A9CC2324}.Release|Any CPU.Build.0 = Release|Any CPU
		{1BB51722-0272-462A-9BE6-C55FC358D13E}.Debug|Any CPU.ActiveCfg = Debug|Any CPU
		{1BB51722-0272-462A-9BE6-C55FC358D13E}.Debug|Any CPU.Build.0 = Debug|Any CPU
		{1BB51722-0272-462A-9BE6-C55FC358D13E}.Release|Any CPU.ActiveCfg = Release|Any CPU
		{1BB51722-0272-462A-9BE6-C55FC358D13E}.Release|Any CPU.Build.0 = Release|Any CPU
	EndGlobalSection
	GlobalSection(SolutionProperties) = preSolution
		HideSolutionNode = FALSE
	EndGlobalSection
	GlobalSection(ExtensibilityGlobals) = postSolution
		SolutionGuid = {EE81DAC4-A2BB-4620-9551-97C6AA85AE3A}
	EndGlobalSection
EndGlobal
